
Microsoft Visual Studio Solution File, Format Version 11.00
# Visual Studio 2010
Project("{8BC9CEB8-8B4A-11D0-8D11-00A0C91BC942}") = "102598058_ERD", "102598058\102598058.vcxproj", "{875BA022-03DD-4399-A2E8-11D31CDEF38B}"
EndProject
Project("{8BC9CEB8-8B4A-11D0-8D11-00A0C91BC942}") = "102598058_Test", "102598058_Test\102598058_Test.vcxproj", "{C5474721-C80A-47BA-A5EA-58435114941D}"
EndProject
Global
	GlobalSection(SolutionConfigurationPlatforms) = preSolution
		Debug|Win32 = Debug|Win32
		Release|Win32 = Release|Win32
	EndGlobalSection
	GlobalSection(ProjectConfigurationPlatforms) = postSolution
		{875BA022-03DD-4399-A2E8-11D31CDEF38B}.Debug|Win32.ActiveCfg = Debug|Win32
		{875BA022-03DD-4399-A2E8-11D31CDEF38B}.Debug|Win32.Build.0 = Debug|Win32
		{875BA022-03DD-4399-A2E8-11D31CDEF38B}.Release|Win32.ActiveCfg = Release|Win32
		{875BA022-03DD-4399-A2E8-11D31CDEF38B}.Release|Win32.Build.0 = Release|Win32
		{C5474721-C80A-47BA-A5EA-58435114941D}.Debug|Win32.ActiveCfg = Debug|Win32
		{C5474721-C80A-47BA-A5EA-58435114941D}.Debug|Win32.Build.0 = Debug|Win32
		{C5474721-C80A-47BA-A5EA-58435114941D}.Release|Win32.ActiveCfg = Release|Win32
		{C5474721-C80A-47BA-A5EA-58435114941D}.Release|Win32.Build.0 = Release|Win32
	EndGlobalSection
	GlobalSection(SolutionProperties) = preSolution
		HideSolutionNode = FALSE
	EndGlobalSection
EndGlobal
